
Microsoft Visual Studio Solution File, Format Version 12.00
# Visual Studio 2017
Project("{FAE04EC0-301F-11D3-BF4B-00C04F79EFBC}") = "kubera-wallet", "kubera-wallet.csproj", "{17699826-B827-4D6E-05A9-393AFC0D1ABD}"
EndProject
Global
	GlobalSection(SolutionConfigurationPlatforms) = preSolution
		Debug|Any CPU = Debug|Any CPU
		Release|Any CPU = Release|Any CPU
	EndGlobalSection
	GlobalSection(ProjectConfigurationPlatforms) = postSolution
		{17699826-B827-4D6E-05A9-393AFC0D1ABD}.Debug|Any CPU.ActiveCfg = Debug|Any CPU
		{17699826-B827-4D6E-05A9-393AFC0D1ABD}.Debug|Any CPU.Build.0 = Debug|Any CPU
		{17699826-B827-4D6E-05A9-393AFC0D1ABD}.Release|Any CPU.ActiveCfg = Release|Any CPU
		{17699826-B827-4D6E-05A9-393AFC0D1ABD}.Release|Any CPU.Build.0 = Release|Any CPU
	EndGlobalSection
	GlobalSection(SolutionProperties) = preSolution
		HideSolutionNode = FALSE
	EndGlobalSection
EndGlobal
